PATH
  remote: .
  specs:
    classifier (1.4.4)
      fast-stemmer (~> 1.0)
      matrix
      mutex_m (~> 0.2)
      rake

GEM
  remote: https://rubygems.org/
  specs:
    ast (2.4.3)
    docile (1.4.1)
    fast-stemmer (1.0.2)
    json (2.18.0)
    language_server-protocol (3.17.0.5)
    lint_roller (1.1.0)
    logger (1.7.0)
    matrix (0.4.2)
    minitest (6.0.1)
      prism (~> 1.5)
    mutex_m (0.2.0)
    ostruct (0.6.3)
    parallel (1.27.0)
    parser (3.3.10.0)
      ast (~> 2.4.1)
      racc
    prism (1.7.0)
    psych (5.1.2)
      stringio
    racc (1.8.1)
    rainbow (3.1.1)
    rake (13.3.1)
    rbs (3.10.0)
      logger
    rbs-inline (0.12.0)
      prism (>= 0.29)
      rbs (>= 3.8.0)
    rdoc (6.5.1.1)
      psych (>= 4.0.0)
    regexp_parser (2.11.3)
    rubocop (1.82.1)
      json (~> 2.3)
      language_server-protocol (~> 3.17.0.2)
      lint_roller (~> 1.1.0)
      parallel (~> 1.10)
      parser (>= 3.3.0.2)
      rainbow (>= 2.2.2, < 4.0)
      regexp_parser (>= 2.9.3, < 3.0)
      rubocop-ast (>= 1.48.0, < 2.0)
      ruby-progressbar (~> 1.7)
      unicode-display_width (>= 2.4.0, < 4.0)
    rubocop-ast (1.48.0)
      parser (>= 3.3.7.2)
      prism (~> 1.4)
    rubocop-minitest (0.38.2)
      lint_roller (~> 1.1)
      rubocop (>= 1.75.0, < 2.0)
      rubocop-ast (>= 1.38.0, < 2.0)
    ruby-progressbar (1.13.0)
    simplecov (0.22.0)
      docile (~> 1.1)
      simplecov-html (~> 0.11)
      simplecov_json_formatter (~> 0.1)
    simplecov-html (0.13.2)
    simplecov_json_formatter (0.1.4)
    stringio (3.1.0)
    unicode-display_width (3.2.0)
      unicode-emoji (~> 4.1)
    unicode-emoji (4.2.0)

PLATFORMS
  arm64-darwin-22
  arm64-darwin-23
  arm64-darwin-25
  x86_64-linux

DEPENDENCIES
  classifier!
  fast-stemmer
  matrix
  minitest
  mutex_m
  ostruct
  rbs-inline
  rdoc
  rubocop
  rubocop-minitest
  simplecov

BUNDLED WITH
   2.4.17
